
Microsoft Visual Studio Solution File, Format Version 12.00
# Visual Studio Version 16
VisualStudioVersion = 16.0.30114.105
MinimumVisualStudioVersion = 10.0.40219.1
Project("{6870E480-7721-4708-BFB8-9AE898AA21B3}") = "EQ 24", "EQ 24\EQ 24.smproj", "{8CE414BB-95B2-4C99-9E03-51BA72086E22}"
EndProject
Project("{6870E480-7721-4708-BFB8-9AE898AA21B3}") = "AMT EQ 24", "AMT EQ 24\AMT EQ 24.smproj", "{FB227BF1-8EC2-4F64-AE6A-B95826EBF709}"
EndProject
Global
	GlobalSection(SolutionConfigurationPlatforms) = preSolution
		Development|x86 = Development|x86
	EndGlobalSection
	GlobalSection(ProjectConfigurationPlatforms) = postSolution
		{8CE414BB-95B2-4C99-9E03-51BA72086E22}.Development|x86.ActiveCfg = Development|x86
		{8CE414BB-95B2-4C99-9E03-51BA72086E22}.Development|x86.Build.0 = Development|x86
		{8CE414BB-95B2-4C99-9E03-51BA72086E22}.Development|x86.Deploy.0 = Development|x86
		{FB227BF1-8EC2-4F64-AE6A-B95826EBF709}.Development|x86.ActiveCfg = Development|x86
		{FB227BF1-8EC2-4F64-AE6A-B95826EBF709}.Development|x86.Build.0 = Development|x86
		{FB227BF1-8EC2-4F64-AE6A-B95826EBF709}.Development|x86.Deploy.0 = Development|x86
	EndGlobalSection
	GlobalSection(SolutionProperties) = preSolution
		HideSolutionNode = FALSE
	EndGlobalSection
	GlobalSection(ExtensibilityGlobals) = postSolution
		SolutionGuid = {37BB9833-22A4-4A8E-98A9-788DA52F55AA}
	EndGlobalSection
EndGlobal
